
Microsoft Visual Studio Solution File, Format Version 12.00
# Visual Studio Version 17
VisualStudioVersion = 17.4.33213.308
MinimumVisualStudioVersion = 10.0.40219.1
Project("{9A19103F-16F7-4668-BE54-9A1E7A4F7556}") = "FullStackCore.WebApi", "FullStackCore.WebApi\FullStackCore.WebApi.csproj", "{3CB6CB98-6EA0-41BD-9FAB-692F2C683B2E}"
EndProject
Project("{2150E333-8FDC-42A3-9474-1A3956D46DE8}") = "Scaffolding", "Scaffolding", "{EB0BD6A5-74CE-419D-9595-190429BC001E}"
EndProject
Project("{9A19103F-16F7-4668-BE54-9A1E7A4F7556}") = "Scaffolding.Auth", "Scaffolding\Scaffolding.Auth\Scaffolding.Auth.csproj", "{BD87ABF1-586C-4343-820D-14080C4CA49F}"
EndProject
Project("{9A19103F-16F7-4668-BE54-9A1E7A4F7556}") = "Scaffolding.Data.Test", "Scaffolding\Scaffolding.Data.Test\Scaffolding.Data.Test.csproj", "{63D4F25E-05CB-4C23-9E1D-6A89811587A9}"
EndProject
Project("{9A19103F-16F7-4668-BE54-9A1E7A4F7556}") = "Scaffolding.Service", "Scaffolding\Scaffolding.Service\Scaffolding.Service.csproj", "{6C3E2544-D34D-49B8-8350-109299376BCF}"
EndProject
Project("{2150E333-8FDC-42A3-9474-1A3956D46DE8}") = "Libraries", "Libraries", "{E968D14B-C52C-4FA1-AC6A-3C9EB0D24D21}"
EndProject
Project("{9A19103F-16F7-4668-BE54-9A1E7A4F7556}") = "Core.Services", "Libraries\Core.Services\Core.Services.csproj", "{AB47290A-02E3-4E4C-A428-6A963DE8D85E}"
EndProject
Project("{2150E333-8FDC-42A3-9474-1A3956D46DE8}") = "DataLayer", "DataLayer", "{4F737F06-1B0D-4162-AA76-E106DB67069E}"
EndProject
Project("{9A19103F-16F7-4668-BE54-9A1E7A4F7556}") = "Core.Data.Entities", "Libraries\Core.Data.Entities\Core.Data.Entities.csproj", "{85DC7401-7861-4EC0-8FBC-4BBE41368E94}"
EndProject
Project("{9A19103F-16F7-4668-BE54-9A1E7A4F7556}") = "Core.Data.Repositories", "Libraries\Core.Data.Repositories\Core.Data.Repositories.csproj", "{79D15119-D62E-449F-A8C7-25D24D8BDE7C}"
EndProject
Project("{9A19103F-16F7-4668-BE54-9A1E7A4F7556}") = "Core.Data.Infrastructure", "Libraries\Core.Data.Infrastructure\Core.Data.Infrastructure.csproj", "{9B934BDE-22B9-4AC0-A3D4-A9FEE2773E4D}"
EndProject
Project("{9A19103F-16F7-4668-BE54-9A1E7A4F7556}") = "Core.Service.Infrastructure", "Libraries\Core.Service.Infrastructure\Core.Service.Infrastructure.csproj", "{49B6A280-3326-49FD-9A04-7B14940D558C}"
EndProject
Project("{9A19103F-16F7-4668-BE54-9A1E7A4F7556}") = "Core.Data", "Libraries\Core.Data\Core.Data.csproj", "{5AE23A49-29FA-44F4-826D-4EFB8F7AE02D}"
EndProject
Project("{9A19103F-16F7-4668-BE54-9A1E7A4F7556}") = "Core.Service.Services", "Libraries\Core.Service.Services\Core.Service.Services.csproj", "{6160343A-0B93-4A65-BBE4-3ED1CF7E0E8B}"
EndProject
Project("{9A19103F-16F7-4668-BE54-9A1E7A4F7556}") = "Core.Service.Models", "Libraries\Core.Service.Models\Core.Service.Models.csproj", "{7A124A68-9209-41D2-915E-DED0F991109B}"
EndProject
Project("{2150E333-8FDC-42A3-9474-1A3956D46DE8}") = "ServiceLayer", "ServiceLayer", "{809CBF61-12DF-4085-9360-240A6BF61242}"
EndProject
Project("{9A19103F-16F7-4668-BE54-9A1E7A4F7556}") = "Scaffolding.Data", "Scaffolding\Scaffolding.Data\Scaffolding.Data.csproj", "{70FD8114-1F17-4D9A-B475-ADBE27E0185D}"
EndProject
Project("{9A19103F-16F7-4668-BE54-9A1E7A4F7556}") = "Authorization.Server", "Authorize.Server\Authorization.Server.csproj", "{68685412-0681-4C17-8EF8-3A842BD00B27}"
EndProject
Project("{FAE04EC0-301F-11D3-BF4B-00C04F79EFBC}") = "Scaffoling.Service.Test", "Scaffolding\Scaffoling.Service.Test\Scaffoling.Service.Test.csproj", "{59A9592A-658A-4AC6-9B3E-27B1BD6C0D74}"
EndProject
Project("{FAE04EC0-301F-11D3-BF4B-00C04F79EFBC}") = "Scaffolding.Auth.Test", "Scaffolding\Scaffolding.Auth.Test\Scaffolding.Auth.Test.csproj", "{FFBAF713-A750-4BFF-8FD0-DA7D54107C9E}"
EndProject
Global
	GlobalSection(SolutionConfigurationPlatforms) = preSolution
		Debug|Any CPU = Debug|Any CPU
		Release|Any CPU = Release|Any CPU
	EndGlobalSection
	GlobalSection(ProjectConfigurationPlatforms) = postSolution
		{3CB6CB98-6EA0-41BD-9FAB-692F2C683B2E}.Debug|Any CPU.ActiveCfg = Debug|Any CPU
		{3CB6CB98-6EA0-41BD-9FAB-692F2C683B2E}.Debug|Any CPU.Build.0 = Debug|Any CPU
		{3CB6CB98-6EA0-41BD-9FAB-692F2C683B2E}.Release|Any CPU.ActiveCfg = Release|Any CPU
		{3CB6CB98-6EA0-41BD-9FAB-692F2C683B2E}.Release|Any CPU.Build.0 = Release|Any CPU
		{BD87ABF1-586C-4343-820D-14080C4CA49F}.Debug|Any CPU.ActiveCfg = Debug|Any CPU
		{BD87ABF1-586C-4343-820D-14080C4CA49F}.Debug|Any CPU.Build.0 = Debug|Any CPU
		{BD87ABF1-586C-4343-820D-14080C4CA49F}.Release|Any CPU.ActiveCfg = Release|Any CPU
		{BD87ABF1-586C-4343-820D-14080C4CA49F}.Release|Any CPU.Build.0 = Release|Any CPU
		{63D4F25E-05CB-4C23-9E1D-6A89811587A9}.Debug|Any CPU.ActiveCfg = Debug|Any CPU
		{63D4F25E-05CB-4C23-9E1D-6A89811587A9}.Debug|Any CPU.Build.0 = Debug|Any CPU
		{63D4F25E-05CB-4C23-9E1D-6A89811587A9}.Release|Any CPU.ActiveCfg = Release|Any CPU
		{63D4F25E-05CB-4C23-9E1D-6A89811587A9}.Release|Any CPU.Build.0 = Release|Any CPU
		{6C3E2544-D34D-49B8-8350-109299376BCF}.Debug|Any CPU.ActiveCfg = Debug|Any CPU
		{6C3E2544-D34D-49B8-8350-109299376BCF}.Debug|Any CPU.Build.0 = Debug|Any CPU
		{6C3E2544-D34D-49B8-8350-109299376BCF}.Release|Any CPU.ActiveCfg = Release|Any CPU
		{6C3E2544-D34D-49B8-8350-109299376BCF}.Release|Any CPU.Build.0 = Release|Any CPU
		{AB47290A-02E3-4E4C-A428-6A963DE8D85E}.Debug|Any CPU.ActiveCfg = Debug|Any CPU
		{AB47290A-02E3-4E4C-A428-6A963DE8D85E}.Debug|Any CPU.Build.0 = Debug|Any CPU
		{AB47290A-02E3-4E4C-A428-6A963DE8D85E}.Release|Any CPU.ActiveCfg = Release|Any CPU
		{AB47290A-02E3-4E4C-A428-6A963DE8D85E}.Release|Any CPU.Build.0 = Release|Any CPU
		{85DC7401-7861-4EC0-8FBC-4BBE41368E94}.Debug|Any CPU.ActiveCfg = Debug|Any CPU
		{85DC7401-7861-4EC0-8FBC-4BBE41368E94}.Debug|Any CPU.Build.0 = Debug|Any CPU
		{85DC7401-7861-4EC0-8FBC-4BBE41368E94}.Release|Any CPU.ActiveCfg = Release|Any CPU
		{85DC7401-7861-4EC0-8FBC-4BBE41368E94}.Release|Any CPU.Build.0 = Release|Any CPU
		{79D15119-D62E-449F-A8C7-25D24D8BDE7C}.Debug|Any CPU.ActiveCfg = Debug|Any CPU
		{79D15119-D62E-449F-A8C7-25D24D8BDE7C}.Debug|Any CPU.Build.0 = Debug|Any CPU
		{79D15119-D62E-449F-A8C7-25D24D8BDE7C}.Release|Any CPU.ActiveCfg = Release|Any CPU
		{79D15119-D62E-449F-A8C7-25D24D8BDE7C}.Release|Any CPU.Build.0 = Release|Any CPU
		{9B934BDE-22B9-4AC0-A3D4-A9FEE2773E4D}.Debug|Any CPU.ActiveCfg = Debug|Any CPU
		{9B934BDE-22B9-4AC0-A3D4-A9FEE2773E4D}.Debug|Any CPU.Build.0 = Debug|Any CPU
		{9B934BDE-22B9-4AC0-A3D4-A9FEE2773E4D}.Release|Any CPU.ActiveCfg = Release|Any CPU
		{9B934BDE-22B9-4AC0-A3D4-A9FEE2773E4D}.Release|Any CPU.Build.0 = Release|Any CPU
		{49B6A280-3326-49FD-9A04-7B14940D558C}.Debug|Any CPU.ActiveCfg = Debug|Any CPU
		{49B6A280-3326-49FD-9A04-7B14940D558C}.Debug|Any CPU.Build.0 = Debug|Any CPU
		{49B6A280-3326-49FD-9A04-7B14940D558C}.Release|Any CPU.ActiveCfg = Release|Any CPU
		{49B6A280-3326-49FD-9A04-7B14940D558C}.Release|Any CPU.Build.0 = Release|Any CPU
		{5AE23A49-29FA-44F4-826D-4EFB8F7AE02D}.Debug|Any CPU.ActiveCfg = Debug|Any CPU
		{5AE23A49-29FA-44F4-826D-4EFB8F7AE02D}.Debug|Any CPU.Build.0 = Debug|Any CPU
		{5AE23A49-29FA-44F4-826D-4EFB8F7AE02D}.Release|Any CPU.ActiveCfg = Release|Any CPU
		{5AE23A49-29FA-44F4-826D-4EFB8F7AE02D}.Release|Any CPU.Build.0 = Release|Any CPU
		{6160343A-0B93-4A65-BBE4-3ED1CF7E0E8B}.Debug|Any CPU.ActiveCfg = Debug|Any CPU
		{6160343A-0B93-4A65-BBE4-3ED1CF7E0E8B}.Debug|Any CPU.Build.0 = Debug|Any CPU
		{6160343A-0B93-4A65-BBE4-3ED1CF7E0E8B}.Release|Any CPU.ActiveCfg = Release|Any CPU
		{6160343A-0B93-4A65-BBE4-3ED1CF7E0E8B}.Release|Any CPU.Build.0 = Release|Any CPU
		{7A124A68-9209-41D2-915E-DED0F991109B}.Debug|Any CPU.ActiveCfg = Debug|Any CPU
		{7A124A68-9209-41D2-915E-DED0F991109B}.Debug|Any CPU.Build.0 = Debug|Any CPU
		{7A124A68-9209-41D2-915E-DED0F991109B}.Release|Any CPU.ActiveCfg = Release|Any CPU
		{7A124A68-9209-41D2-915E-DED0F991109B}.Release|Any CPU.Build.0 = Release|Any CPU
		{70FD8114-1F17-4D9A-B475-ADBE27E0185D}.Debug|Any CPU.ActiveCfg = Debug|Any CPU
		{70FD8114-1F17-4D9A-B475-ADBE27E0185D}.Debug|Any CPU.Build.0 = Debug|Any CPU
		{70FD8114-1F17-4D9A-B475-ADBE27E0185D}.Release|Any CPU.ActiveCfg = Release|Any CPU
		{70FD8114-1F17-4D9A-B475-ADBE27E0185D}.Release|Any CPU.Build.0 = Release|Any CPU
		{68685412-0681-4C17-8EF8-3A842BD00B27}.Debug|Any CPU.ActiveCfg = Debug|Any CPU
		{68685412-0681-4C17-8EF8-3A842BD00B27}.Debug|Any CPU.Build.0 = Debug|Any CPU
		{68685412-0681-4C17-8EF8-3A842BD00B27}.Release|Any CPU.ActiveCfg = Release|Any CPU
		{68685412-0681-4C17-8EF8-3A842BD00B27}.Release|Any CPU.Build.0 = Release|Any CPU
		{59A9592A-658A-4AC6-9B3E-27B1BD6C0D74}.Debug|Any CPU.ActiveCfg = Debug|Any CPU
		{59A9592A-658A-4AC6-9B3E-27B1BD6C0D74}.Debug|Any CPU.Build.0 = Debug|Any CPU
		{59A9592A-658A-4AC6-9B3E-27B1BD6C0D74}.Release|Any CPU.ActiveCfg = Release|Any CPU
		{59A9592A-658A-4AC6-9B3E-27B1BD6C0D74}.Release|Any CPU.Build.0 = Release|Any CPU
		{FFBAF713-A750-4BFF-8FD0-DA7D54107C9E}.Debug|Any CPU.ActiveCfg = Debug|Any CPU
		{FFBAF713-A750-4BFF-8FD0-DA7D54107C9E}.Debug|Any CPU.Build.0 = Debug|Any CPU
		{FFBAF713-A750-4BFF-8FD0-DA7D54107C9E}.Release|Any CPU.ActiveCfg = Release|Any CPU
		{FFBAF713-A750-4BFF-8FD0-DA7D54107C9E}.Release|Any CPU.Build.0 = Release|Any CPU
	EndGlobalSection
	GlobalSection(SolutionProperties) = preSolution
		HideSolutionNode = FALSE
	EndGlobalSection
	GlobalSection(NestedProjects) = preSolution
		{BD87ABF1-586C-4343-820D-14080C4CA49F} = {EB0BD6A5-74CE-419D-9595-190429BC001E}
		{63D4F25E-05CB-4C23-9E1D-6A89811587A9} = {EB0BD6A5-74CE-419D-9595-190429BC001E}
		{6C3E2544-D34D-49B8-8350-109299376BCF} = {EB0BD6A5-74CE-419D-9595-190429BC001E}
		{AB47290A-02E3-4E4C-A428-6A963DE8D85E} = {809CBF61-12DF-4085-9360-240A6BF61242}
		{4F737F06-1B0D-4162-AA76-E106DB67069E} = {E968D14B-C52C-4FA1-AC6A-3C9EB0D24D21}
		{85DC7401-7861-4EC0-8FBC-4BBE41368E94} = {4F737F06-1B0D-4162-AA76-E106DB67069E}
		{79D15119-D62E-449F-A8C7-25D24D8BDE7C} = {4F737F06-1B0D-4162-AA76-E106DB67069E}
		{9B934BDE-22B9-4AC0-A3D4-A9FEE2773E4D} = {4F737F06-1B0D-4162-AA76-E106DB67069E}
		{49B6A280-3326-49FD-9A04-7B14940D558C} = {809CBF61-12DF-4085-9360-240A6BF61242}
		{5AE23A49-29FA-44F4-826D-4EFB8F7AE02D} = {4F737F06-1B0D-4162-AA76-E106DB67069E}
		{6160343A-0B93-4A65-BBE4-3ED1CF7E0E8B} = {809CBF61-12DF-4085-9360-240A6BF61242}
		{7A124A68-9209-41D2-915E-DED0F991109B} = {809CBF61-12DF-4085-9360-240A6BF61242}
		{809CBF61-12DF-4085-9360-240A6BF61242} = {E968D14B-C52C-4FA1-AC6A-3C9EB0D24D21}
		{70FD8114-1F17-4D9A-B475-ADBE27E0185D} = {EB0BD6A5-74CE-419D-9595-190429BC001E}
		{59A9592A-658A-4AC6-9B3E-27B1BD6C0D74} = {EB0BD6A5-74CE-419D-9595-190429BC001E}
		{FFBAF713-A750-4BFF-8FD0-DA7D54107C9E} = {EB0BD6A5-74CE-419D-9595-190429BC001E}
	EndGlobalSection
	GlobalSection(ExtensibilityGlobals) = postSolution
		SolutionGuid = {1F44E5DF-4A8C-4921-ABAC-FB203BB2C505}
	EndGlobalSection
EndGlobal
