
Microsoft Visual Studio Solution File, Format Version 12.00
# Visual Studio Version 17
VisualStudioVersion = 17.4.33213.308
MinimumVisualStudioVersion = 10.0.40219.1
Project("{9A19103F-16F7-4668-BE54-9A1E7A4F7556}") = "Authorization.Server", "Authorization.Server.csproj", "{EE376425-90E7-40B0-BFE9-F8E5DFEF94F9}"
EndProject
Project("{9A19103F-16F7-4668-BE54-9A1E7A4F7556}") = "Scaffolding.Auth", "..\Scaffolding\Scaffolding.Auth\Scaffolding.Auth.csproj", "{42D183D0-FE91-47B0-96BB-D8672E4780C4}"
EndProject
Project("{9A19103F-16F7-4668-BE54-9A1E7A4F7556}") = "OnePortal.Data", "..\Library\OnePortal.Data\OnePortal.Data.csproj", "{BD34C5EC-F710-46D8-858E-56EAA2A77B56}"
EndProject
Global
	GlobalSection(SolutionConfigurationPlatforms) = preSolution
		Debug|Any CPU = Debug|Any CPU
		Release|Any CPU = Release|Any CPU
	EndGlobalSection
	GlobalSection(ProjectConfigurationPlatforms) = postSolution
		{EE376425-90E7-40B0-BFE9-F8E5DFEF94F9}.Debug|Any CPU.ActiveCfg = Debug|Any CPU
		{EE376425-90E7-40B0-BFE9-F8E5DFEF94F9}.Debug|Any CPU.Build.0 = Debug|Any CPU
		{EE376425-90E7-40B0-BFE9-F8E5DFEF94F9}.Release|Any CPU.ActiveCfg = Release|Any CPU
		{EE376425-90E7-40B0-BFE9-F8E5DFEF94F9}.Release|Any CPU.Build.0 = Release|Any CPU
		{42D183D0-FE91-47B0-96BB-D8672E4780C4}.Debug|Any CPU.ActiveCfg = Debug|Any CPU
		{42D183D0-FE91-47B0-96BB-D8672E4780C4}.Debug|Any CPU.Build.0 = Debug|Any CPU
		{42D183D0-FE91-47B0-96BB-D8672E4780C4}.Release|Any CPU.ActiveCfg = Release|Any CPU
		{42D183D0-FE91-47B0-96BB-D8672E4780C4}.Release|Any CPU.Build.0 = Release|Any CPU
		{BD34C5EC-F710-46D8-858E-56EAA2A77B56}.Debug|Any CPU.ActiveCfg = Debug|Any CPU
		{BD34C5EC-F710-46D8-858E-56EAA2A77B56}.Debug|Any CPU.Build.0 = Debug|Any CPU
		{BD34C5EC-F710-46D8-858E-56EAA2A77B56}.Release|Any CPU.ActiveCfg = Release|Any CPU
		{BD34C5EC-F710-46D8-858E-56EAA2A77B56}.Release|Any CPU.Build.0 = Release|Any CPU
	EndGlobalSection
	GlobalSection(SolutionProperties) = preSolution
		HideSolutionNode = FALSE
	EndGlobalSection
	GlobalSection(ExtensibilityGlobals) = postSolution
		SolutionGuid = {450CC0D0-B985-44F5-B20C-01969FADB458}
	EndGlobalSection
EndGlobal
